
Microsoft Visual Studio Solution File, Format Version 12.00
# Visual Studio Version 16
VisualStudioVersion = 16.0.28621.142
MinimumVisualStudioVersion = 10.0.40219.1
Project("{FAE04EC0-301F-11D3-BF4B-00C04F79EFBC}") = "WakeVUp", "WakeVUp\WakeVUp.csproj", "{88D158C3-BE9D-4DDF-A5FB-A956405D9C98}"
EndProject
Project("{FAE04EC0-301F-11D3-BF4B-00C04F79EFBC}") = "WakeVUpCompanion.Android", "WakeVUpCompanion\WakeVUpCompanion.Android\WakeVUpCompanion.Android.csproj", "{11A59E6C-F0D7-4080-9087-24C713356268}"
EndProject
Project("{9A19103F-16F7-4668-BE54-9A1E7A4F7556}") = "WakeVUpCompanion", "WakeVUpCompanion\WakeVUpCompanion\WakeVUpCompanion.csproj", "{F3569B42-5580-40C0-A743-FADA3C1337A6}"
EndProject
Project("{FAE04EC0-301F-11D3-BF4B-00C04F79EFBC}") = "WakeVUpFunctions", "WakeVUpFunctions\WakeVUpFunctions.csproj", "{7B82E8F5-10D6-491A-9AEA-F5B540F7CDFF}"
EndProject
Global
	GlobalSection(SolutionConfigurationPlatforms) = preSolution
		Debug|Any CPU = Debug|Any CPU
		Debug|ARM = Debug|ARM
		Debug|x64 = Debug|x64
		Debug|x86 = Debug|x86
		Release|Any CPU = Release|Any CPU
		Release|ARM = Release|ARM
		Release|x64 = Release|x64
		Release|x86 = Release|x86
	EndGlobalSection
	GlobalSection(ProjectConfigurationPlatforms) = postSolution
		{88D158C3-BE9D-4DDF-A5FB-A956405D9C98}.Debug|Any CPU.ActiveCfg = Debug|x86
		{88D158C3-BE9D-4DDF-A5FB-A956405D9C98}.Debug|ARM.ActiveCfg = Debug|ARM
		{88D158C3-BE9D-4DDF-A5FB-A956405D9C98}.Debug|ARM.Build.0 = Debug|ARM
		{88D158C3-BE9D-4DDF-A5FB-A956405D9C98}.Debug|ARM.Deploy.0 = Debug|ARM
		{88D158C3-BE9D-4DDF-A5FB-A956405D9C98}.Debug|x64.ActiveCfg = Debug|x64
		{88D158C3-BE9D-4DDF-A5FB-A956405D9C98}.Debug|x64.Build.0 = Debug|x64
		{88D158C3-BE9D-4DDF-A5FB-A956405D9C98}.Debug|x64.Deploy.0 = Debug|x64
		{88D158C3-BE9D-4DDF-A5FB-A956405D9C98}.Debug|x86.ActiveCfg = Debug|x86
		{88D158C3-BE9D-4DDF-A5FB-A956405D9C98}.Debug|x86.Build.0 = Debug|x86
		{88D158C3-BE9D-4DDF-A5FB-A956405D9C98}.Debug|x86.Deploy.0 = Debug|x86
		{88D158C3-BE9D-4DDF-A5FB-A956405D9C98}.Release|Any CPU.ActiveCfg = Release|x86
		{88D158C3-BE9D-4DDF-A5FB-A956405D9C98}.Release|ARM.ActiveCfg = Release|ARM
		{88D158C3-BE9D-4DDF-A5FB-A956405D9C98}.Release|ARM.Build.0 = Release|ARM
		{88D158C3-BE9D-4DDF-A5FB-A956405D9C98}.Release|ARM.Deploy.0 = Release|ARM
		{88D158C3-BE9D-4DDF-A5FB-A956405D9C98}.Release|x64.ActiveCfg = Release|x64
		{88D158C3-BE9D-4DDF-A5FB-A956405D9C98}.Release|x64.Build.0 = Release|x64
		{88D158C3-BE9D-4DDF-A5FB-A956405D9C98}.Release|x64.Deploy.0 = Release|x64
		{88D158C3-BE9D-4DDF-A5FB-A956405D9C98}.Release|x86.ActiveCfg = Release|x86
		{88D158C3-BE9D-4DDF-A5FB-A956405D9C98}.Release|x86.Build.0 = Release|x86
		{88D158C3-BE9D-4DDF-A5FB-A956405D9C98}.Release|x86.Deploy.0 = Release|x86
		{11A59E6C-F0D7-4080-9087-24C713356268}.Debug|Any CPU.ActiveCfg = Debug|Any CPU
		{11A59E6C-F0D7-4080-9087-24C713356268}.Debug|Any CPU.Build.0 = Debug|Any CPU
		{11A59E6C-F0D7-4080-9087-24C713356268}.Debug|Any CPU.Deploy.0 = Debug|Any CPU
		{11A59E6C-F0D7-4080-9087-24C713356268}.Debug|ARM.ActiveCfg = Debug|Any CPU
		{11A59E6C-F0D7-4080-9087-24C713356268}.Debug|ARM.Build.0 = Debug|Any CPU
		{11A59E6C-F0D7-4080-9087-24C713356268}.Debug|ARM.Deploy.0 = Debug|Any CPU
		{11A59E6C-F0D7-4080-9087-24C713356268}.Debug|x64.ActiveCfg = Debug|Any CPU
		{11A59E6C-F0D7-4080-9087-24C713356268}.Debug|x64.Build.0 = Debug|Any CPU
		{11A59E6C-F0D7-4080-9087-24C713356268}.Debug|x64.Deploy.0 = Debug|Any CPU
		{11A59E6C-F0D7-4080-9087-24C713356268}.Debug|x86.ActiveCfg = Debug|Any CPU
		{11A59E6C-F0D7-4080-9087-24C713356268}.Debug|x86.Build.0 = Debug|Any CPU
		{11A59E6C-F0D7-4080-9087-24C713356268}.Debug|x86.Deploy.0 = Debug|Any CPU
		{11A59E6C-F0D7-4080-9087-24C713356268}.Release|Any CPU.ActiveCfg = Release|Any CPU
		{11A59E6C-F0D7-4080-9087-24C713356268}.Release|Any CPU.Build.0 = Release|Any CPU
		{11A59E6C-F0D7-4080-9087-24C713356268}.Release|Any CPU.Deploy.0 = Release|Any CPU
		{11A59E6C-F0D7-4080-9087-24C713356268}.Release|ARM.ActiveCfg = Release|Any CPU
		{11A59E6C-F0D7-4080-9087-24C713356268}.Release|ARM.Build.0 = Release|Any CPU
		{11A59E6C-F0D7-4080-9087-24C713356268}.Release|ARM.Deploy.0 = Release|Any CPU
		{11A59E6C-F0D7-4080-9087-24C713356268}.Release|x64.ActiveCfg = Release|Any CPU
		{11A59E6C-F0D7-4080-9087-24C713356268}.Release|x64.Build.0 = Release|Any CPU
		{11A59E6C-F0D7-4080-9087-24C713356268}.Release|x64.Deploy.0 = Release|Any CPU
		{11A59E6C-F0D7-4080-9087-24C713356268}.Release|x86.ActiveCfg = Release|Any CPU
		{11A59E6C-F0D7-4080-9087-24C713356268}.Release|x86.Build.0 = Release|Any CPU
		{11A59E6C-F0D7-4080-9087-24C713356268}.Release|x86.Deploy.0 = Release|Any CPU
		{F3569B42-5580-40C0-A743-FADA3C1337A6}.Debug|Any CPU.ActiveCfg = Debug|Any CPU
		{F3569B42-5580-40C0-A743-FADA3C1337A6}.Debug|Any CPU.Build.0 = Debug|Any CPU
		{F3569B42-5580-40C0-A743-FADA3C1337A6}.Debug|ARM.ActiveCfg = Debug|Any CPU
		{F3569B42-5580-40C0-A743-FADA3C1337A6}.Debug|ARM.Build.0 = Debug|Any CPU
		{F3569B42-5580-40C0-A743-FADA3C1337A6}.Debug|x64.ActiveCfg = Debug|Any CPU
		{F3569B42-5580-40C0-A743-FADA3C1337A6}.Debug|x64.Build.0 = Debug|Any CPU
		{F3569B42-5580-40C0-A743-FADA3C1337A6}.Debug|x86.ActiveCfg = Debug|Any CPU
		{F3569B42-5580-40C0-A743-FADA3C1337A6}.Debug|x86.Build.0 = Debug|Any CPU
		{F3569B42-5580-40C0-A743-FADA3C1337A6}.Release|Any CPU.ActiveCfg = Release|Any CPU
		{F3569B42-5580-40C0-A743-FADA3C1337A6}.Release|Any CPU.Build.0 = Release|Any CPU
		{F3569B42-5580-40C0-A743-FADA3C1337A6}.Release|ARM.ActiveCfg = Release|Any CPU
		{F3569B42-5580-40C0-A743-FADA3C1337A6}.Release|ARM.Build.0 = Release|Any CPU
		{F3569B42-5580-40C0-A743-FADA3C1337A6}.Release|x64.ActiveCfg = Release|Any CPU
		{F3569B42-5580-40C0-A743-FADA3C1337A6}.Release|x64.Build.0 = Release|Any CPU
		{F3569B42-5580-40C0-A743-FADA3C1337A6}.Release|x86.ActiveCfg = Release|Any CPU
		{F3569B42-5580-40C0-A743-FADA3C1337A6}.Release|x86.Build.0 = Release|Any CPU
		{7B82E8F5-10D6-491A-9AEA-F5B540F7CDFF}.Debug|Any CPU.ActiveCfg = Debug|Any CPU
		{7B82E8F5-10D6-491A-9AEA-F5B540F7CDFF}.Debug|Any CPU.Build.0 = Debug|Any CPU
		{7B82E8F5-10D6-491A-9AEA-F5B540F7CDFF}.Debug|ARM.ActiveCfg = Debug|Any CPU
		{7B82E8F5-10D6-491A-9AEA-F5B540F7CDFF}.Debug|ARM.Build.0 = Debug|Any CPU
		{7B82E8F5-10D6-491A-9AEA-F5B540F7CDFF}.Debug|x64.ActiveCfg = Debug|Any CPU
		{7B82E8F5-10D6-491A-9AEA-F5B540F7CDFF}.Debug|x64.Build.0 = Debug|Any CPU
		{7B82E8F5-10D6-491A-9AEA-F5B540F7CDFF}.Debug|x86.ActiveCfg = Debug|Any CPU
		{7B82E8F5-10D6-491A-9AEA-F5B540F7CDFF}.Debug|x86.Build.0 = Debug|Any CPU
		{7B82E8F5-10D6-491A-9AEA-F5B540F7CDFF}.Release|Any CPU.ActiveCfg = Release|Any CPU
		{7B82E8F5-10D6-491A-9AEA-F5B540F7CDFF}.Release|Any CPU.Build.0 = Release|Any CPU
		{7B82E8F5-10D6-491A-9AEA-F5B540F7CDFF}.Release|ARM.ActiveCfg = Release|Any CPU
		{7B82E8F5-10D6-491A-9AEA-F5B540F7CDFF}.Release|ARM.Build.0 = Release|Any CPU
		{7B82E8F5-10D6-491A-9AEA-F5B540F7CDFF}.Release|x64.ActiveCfg = Release|Any CPU
		{7B82E8F5-10D6-491A-9AEA-F5B540F7CDFF}.Release|x64.Build.0 = Release|Any CPU
		{7B82E8F5-10D6-491A-9AEA-F5B540F7CDFF}.Release|x86.ActiveCfg = Release|Any CPU
		{7B82E8F5-10D6-491A-9AEA-F5B540F7CDFF}.Release|x86.Build.0 = Release|Any CPU
	EndGlobalSection
	GlobalSection(SolutionProperties) = preSolution
		HideSolutionNode = FALSE
	EndGlobalSection
	GlobalSection(ExtensibilityGlobals) = postSolution
		SolutionGuid = {BEA7E8D2-AB29-4757-9B27-5F8AE379D529}
	EndGlobalSection
EndGlobal
